
Microsoft Visual Studio Solution File, Format Version 12.00
# Visual Studio Version 16
VisualStudioVersion = 16.0.29728.190
MinimumVisualStudioVersion = 10.0.40219.1
Project("{FAE04EC0-301F-11D3-BF4B-00C04F79EFBC}") = "Abac.Web.Api", "Abac.Web.Api\Abac.Web.Api.csproj", "{FC3FE946-B529-4BDB-943C-6891A5F0DD30}"
EndProject
Project("{FAE04EC0-301F-11D3-BF4B-00C04F79EFBC}") = "Abac.Web.Api.Core", "Abac.Web.Api.Core\Abac.Web.Api.Core.csproj", "{8150D139-ADE4-45B6-872C-557C2B100A6B}"
EndProject
Project("{FAE04EC0-301F-11D3-BF4B-00C04F79EFBC}") = "Abac.Web.Api.Infrastructure", "Abac.Web.Api.Infrastructure\Abac.Web.Api.Infrastructure.csproj", "{569F0D03-ED4A-43FA-BBD1-F99D50345EA7}"
EndProject
Global
	GlobalSection(SolutionConfigurationPlatforms) = preSolution
		Debug|Any CPU = Debug|Any CPU
		Release|Any CPU = Release|Any CPU
	EndGlobalSection
	GlobalSection(ProjectConfigurationPlatforms) = postSolution
		{FC3FE946-B529-4BDB-943C-6891A5F0DD30}.Debug|Any CPU.ActiveCfg = Debug|Any CPU
		{FC3FE946-B529-4BDB-943C-6891A5F0DD30}.Debug|Any CPU.Build.0 = Debug|Any CPU
		{FC3FE946-B529-4BDB-943C-6891A5F0DD30}.Release|Any CPU.ActiveCfg = Release|Any CPU
		{FC3FE946-B529-4BDB-943C-6891A5F0DD30}.Release|Any CPU.Build.0 = Release|Any CPU
		{8150D139-ADE4-45B6-872C-557C2B100A6B}.Debug|Any CPU.ActiveCfg = Debug|Any CPU
		{8150D139-ADE4-45B6-872C-557C2B100A6B}.Debug|Any CPU.Build.0 = Debug|Any CPU
		{8150D139-ADE4-45B6-872C-557C2B100A6B}.Release|Any CPU.ActiveCfg = Release|Any CPU
		{8150D139-ADE4-45B6-872C-557C2B100A6B}.Release|Any CPU.Build.0 = Release|Any CPU
		{569F0D03-ED4A-43FA-BBD1-F99D50345EA7}.Debug|Any CPU.ActiveCfg = Debug|Any CPU
		{569F0D03-ED4A-43FA-BBD1-F99D50345EA7}.Debug|Any CPU.Build.0 = Debug|Any CPU
		{569F0D03-ED4A-43FA-BBD1-F99D50345EA7}.Release|Any CPU.ActiveCfg = Release|Any CPU
		{569F0D03-ED4A-43FA-BBD1-F99D50345EA7}.Release|Any CPU.Build.0 = Release|Any CPU
	EndGlobalSection
	GlobalSection(SolutionProperties) = preSolution
		HideSolutionNode = FALSE
	EndGlobalSection
	GlobalSection(ExtensibilityGlobals) = postSolution
		SolutionGuid = {8497CCB2-AFD7-401A-9384-E2BC406DD583}
	EndGlobalSection
EndGlobal
